<Project xmlns="http://schemas.microsoft.com/developer/msbuild/2003">
    <PropertyGroup>
        <Base>True</Base>
        <AppType>Application</AppType>
        <Config Condition="'$(Config)'==''">Debug</Config>
        <FrameworkType>VCL</FrameworkType>
        <MainSource>LDU.dpr</MainSource>
        <Platform Condition="'$(Platform)'==''">Win32</Platform>
        <ProjectGuid>{C794F3BD-61DB-43F6-8C1F-8F7AEB531E4C}</ProjectGuid>
        <ProjectVersion>19.5</ProjectVersion>
        <TargetedPlatforms>1</TargetedPlatforms>
    </PropertyGroup>
    <PropertyGroup Condition="'$(Config)'=='Base' or '$(Base)'!=''">
        <Base>true</Base>
    </PropertyGroup>
    <PropertyGroup Condition="('$(Platform)'=='Win32' and '$(Base)'=='true') or '$(Base_Win32)'!=''">
        <Base_Win32>true</Base_Win32>
        <CfgParent>Base</CfgParent>
        <Base>true</Base>
    </PropertyGroup>
    <PropertyGroup Condition="'$(Config)'=='Release' or '$(Cfg_1)'!=''">
        <Cfg_1>true</Cfg_1>
        <CfgParent>Base</CfgParent>
        <Base>true</Base>
    </PropertyGroup>
    <PropertyGroup Condition="('$(Platform)'=='Win32' and '$(Cfg_1)'=='true') or '$(Cfg_1_Win32)'!=''">
        <Cfg_1_Win32>true</Cfg_1_Win32>
        <CfgParent>Cfg_1</CfgParent>
        <Cfg_1>true</Cfg_1>
        <Base>true</Base>
    </PropertyGroup>
    <PropertyGroup Condition="'$(Config)'=='Debug' or '$(Cfg_2)'!=''">
        <Cfg_2>true</Cfg_2>
        <CfgParent>Base</CfgParent>
        <Base>true</Base>
    </PropertyGroup>
    <PropertyGroup Condition="('$(Platform)'=='Win32' and '$(Cfg_2)'=='true') or '$(Cfg_2_Win32)'!=''">
        <Cfg_2_Win32>true</Cfg_2_Win32>
        <CfgParent>Cfg_2</CfgParent>
        <Cfg_2>true</Cfg_2>
        <Base>true</Base>
    </PropertyGroup>
    <PropertyGroup Condition="'$(Base)'!=''">
        <SanitizedProjectName>LDU</SanitizedProjectName>
        <DCC_Alignment>2</DCC_Alignment>
        <DCC_DcuOutput>$(Platform)_$(Config)</DCC_DcuOutput>
        <DCC_GenerateStackFrames>true</DCC_GenerateStackFrames>
        <DCC_Namespace>Vcl;Vcl.Imaging;Vcl.Touch;Vcl.Samples;Vcl.Shell;System;Xml;Data;Datasnap;Web;Soap;DUnitX.MemoryLeakMonitor;$(DCC_Namespace)</DCC_Namespace>
        <DCC_Optimize>false</DCC_Optimize>
        <VerInfo_IncludeVerInfo>true</VerInfo_IncludeVerInfo>
        <VerInfo_Keys>CompanyName=;FileDescription=;FileVersion=3.0.0.0;InternalName=;LegalCopyright=Gabriel Moraru;LegalTrademarks=Gabriel Moraru;OriginalFilename=;ProductName=Light Delphi Utilities;ProductVersion=3.0.0.0;Comments=;CFBundleName=</VerInfo_Keys>
        <VerInfo_Locale>1031</VerInfo_Locale>
        <VerInfo_MajorVer>3</VerInfo_MajorVer>
    </PropertyGroup>
    <PropertyGroup Condition="'$(Base_Win32)'!=''">
        <AppDPIAwarenessMode>none</AppDPIAwarenessMode>
        <BT_BuildType>Debug</BT_BuildType>
        <DCC_Namespace>Winapi;System.Win;Data.Win;Datasnap.Win;Web.Win;Soap.Win;Xml.Win;Bde;$(DCC_Namespace)</DCC_Namespace>
        <DCC_UsePackage>rtl;$(DCC_UsePackage)</DCC_UsePackage>
        <Icon_MainIcon>free icon (CC4).ico</Icon_MainIcon>
        <Manifest_File>$(BDS)\bin\default_app.manifest</Manifest_File>
    </PropertyGroup>
    <PropertyGroup Condition="'$(Cfg_1)'!=''">
        <DCC_AssertionsAtRuntime>false</DCC_AssertionsAtRuntime>
        <DCC_Define>RELEASE;$(DCC_Define)</DCC_Define>
        <DCC_Optimize>true</DCC_Optimize>
    </PropertyGroup>
    <PropertyGroup Condition="'$(Cfg_1_Win32)'!=''">
        <AppDPIAwarenessMode>PerMonitorV2</AppDPIAwarenessMode>
    </PropertyGroup>
    <PropertyGroup Condition="'$(Cfg_2)'!=''">
        <DCC_Define>DEBUG;$(DCC_Define)</DCC_Define>
        <DCC_IntegerOverflowCheck>true</DCC_IntegerOverflowCheck>
        <DCC_RangeChecking>true</DCC_RangeChecking>
    </PropertyGroup>
    <PropertyGroup Condition="'$(Cfg_2_Win32)'!=''">
        <AppDPIAwarenessMode>PerMonitorV2</AppDPIAwarenessMode>
    </PropertyGroup>
    <ItemGroup>
        <DelphiCompile Include="$(MainSource)">
            <MainSource>MainSource</MainSource>
        </DelphiCompile>
        <DCCReference Include="MainForm.pas">
            <Form>frmMain</Form>
            <FormType>dfm</FormType>
        </DCCReference>
        <DCCReference Include="FormExclude.pas">
            <Form>frmExclude</Form>
            <FormType>dfm</FormType>
        </DCCReference>
        <DCCReference Include="FormColorPicker.pas"/>
        <DCCReference Include="FormAgent.pas">
            <Form>frmAgentResults</Form>
            <FormType>dfm</FormType>
        </DCCReference>
        <DCCReference Include="FormOTA.pas">
            <Form>frmOTA</Form>
            <FormType>dfm</FormType>
        </DCCReference>
        <DCCReference Include="FormEditor.pas">
            <Form>frmEditor</Form>
            <FormType>dfm</FormType>
        </DCCReference>
        <DCCReference Include="FormOptions.pas">
            <Form>frmOptions</Form>
            <FormType>dfm</FormType>
        </DCCReference>
        <DCCReference Include="..\..\LightSaber\cmPascal.pas"/>
        <DCCReference Include="..\..\LightSaber\cmSearchResult.pas"/>
        <DCCReference Include="dutBase.pas"/>
        <DCCReference Include="dutCodeFormat.pas"/>
        <DCCReference Include="dutUpgradeCode.pas"/>
        <DCCReference Include="dutWin64Extended.pas"/>
        <DCCReference Include="dutAgentFactory.pas"/>
        <DCCReference Include="dutWin64Api.pas"/>
        <DCCReference Include="dutWin64Pointer.pas"/>
        <DCCReference Include="dutFindCode.pas">
            <Form>frmSettingsFindCode</Form>
            <FormType>dfm</FormType>
        </DCCReference>
        <DCCReference Include="dutFindInterface.pas">
            <Form>frmSettingsIntf</Form>
            <FormType>dfm</FormType>
        </DCCReference>
        <DCCReference Include="dutBom.pas"/>
        <DCCReference Include="..\..\LightSaber\ccAppData.pas"/>
        <DCCReference Include="..\..\LightSaber\FrameVCL\cbAppDataForm.pas"/>
        <DCCReference Include="..\..\LightSaber\FrameVCL\cbAppDataVCL.pas"/>
        <DCCReference Include="..\..\LightSaber\FrameVCL\cbIniFile.pas"/>
        <DCCReference Include="..\..\LightSaber\ccINIFile.pas"/>
        <BuildConfiguration Include="Base">
            <Key>Base</Key>
        </BuildConfiguration>
        <BuildConfiguration Include="Release">
            <Key>Cfg_1</Key>
            <CfgParent>Base</CfgParent>
        </BuildConfiguration>
        <BuildConfiguration Include="Debug">
            <Key>Cfg_2</Key>
            <CfgParent>Base</CfgParent>
        </BuildConfiguration>
    </ItemGroup>
    <ProjectExtensions>
        <Borland.Personality>Delphi.Personality.12</Borland.Personality>
        <Borland.ProjectType/>
        <BorlandProject>
            <Delphi.Personality>
                <Source>
                    <Source Name="MainSource">LDU.dpr</Source>
                </Source>
                <Excluded_Packages/>
            </Delphi.Personality>
            <Platforms>
                <Platform value="Android">False</Platform>
                <Platform value="Android64">False</Platform>
                <Platform value="Linux64">False</Platform>
                <Platform value="OSX64">False</Platform>
                <Platform value="OSXARM64">False</Platform>
                <Platform value="Win32">True</Platform>
                <Platform value="Win64">False</Platform>
                <Platform value="iOSDevice64">False</Platform>
                <Platform value="iOSSimARM64">False</Platform>
            </Platforms>
        </BorlandProject>
        <ProjectFileVersion>12</ProjectFileVersion>
    </ProjectExtensions>
    <Import Project="$(BDS)\Bin\CodeGear.Delphi.Targets" Condition="Exists('$(BDS)\Bin\CodeGear.Delphi.Targets')"/>
    <Import Project="$(APPDATA)\Embarcadero\$(BDSAPPDATABASEDIR)\$(PRODUCTVERSION)\UserTools.proj" Condition="Exists('$(APPDATA)\Embarcadero\$(BDSAPPDATABASEDIR)\$(PRODUCTVERSION)\UserTools.proj')"/>
    <Import Project="$(MSBuildProjectName).deployproj" Condition="Exists('$(MSBuildProjectName).deployproj')"/>
</Project>
