<Project xmlns="http://schemas.microsoft.com/developer/msbuild/2003">
    <PropertyGroup>
        <Base>True</Base>
        <AppType>Application</AppType>
        <Config Condition="'$(Config)'==''">Debug</Config>
        <FrameworkType>VCL</FrameworkType>
        <MainSource>LDU.dpr</MainSource>
        <Platform Condition="'$(Platform)'==''">Win32</Platform>
        <ProjectGuid>{C794F3BD-61DB-43F6-8C1F-8F7AEB531E4C}</ProjectGuid>
        <ProjectVersion>19.5</ProjectVersion>
        <TargetedPlatforms>1</TargetedPlatforms>
    </PropertyGroup>
    <PropertyGroup Condition="'$(Config)'=='Base' or '$(Base)'!=''">
        <Base>true</Base>
    </PropertyGroup>
    <PropertyGroup Condition="('$(Platform)'=='Win32' and '$(Base)'=='true') or '$(Base_Win32)'!=''">
        <Base_Win32>true</Base_Win32>
        <CfgParent>Base</CfgParent>
        <Base>true</Base>
    </PropertyGroup>
    <PropertyGroup Condition="'$(Config)'=='Release' or '$(Cfg_1)'!=''">
        <Cfg_1>true</Cfg_1>
        <CfgParent>Base</CfgParent>
        <Base>true</Base>
    </PropertyGroup>
    <PropertyGroup Condition="('$(Platform)'=='Win32' and '$(Cfg_1)'=='true') or '$(Cfg_1_Win32)'!=''">
        <Cfg_1_Win32>true</Cfg_1_Win32>
        <CfgParent>Cfg_1</CfgParent>
        <Cfg_1>true</Cfg_1>
        <Base>true</Base>
    </PropertyGroup>
    <PropertyGroup Condition="'$(Config)'=='Debug' or '$(Cfg_2)'!=''">
        <Cfg_2>true</Cfg_2>
        <CfgParent>Base</CfgParent>
        <Base>true</Base>
    </PropertyGroup>
    <PropertyGroup Condition="('$(Platform)'=='Win32' and '$(Cfg_2)'=='true') or '$(Cfg_2_Win32)'!=''">
        <Cfg_2_Win32>true</Cfg_2_Win32>
        <CfgParent>Cfg_2</CfgParent>
        <Cfg_2>true</Cfg_2>
        <Base>true</Base>
    </PropertyGroup>
    <PropertyGroup Condition="'$(Base)'!=''">
        <SanitizedProjectName>LDU</SanitizedProjectName>
        <DCC_Alignment>2</DCC_Alignment>
        <DCC_DcuOutput>$(Platform)_$(Config)</DCC_DcuOutput>
        <DCC_GenerateStackFrames>true</DCC_GenerateStackFrames>
        <DCC_Namespace>Vcl;Vcl.Imaging;Vcl.Touch;Vcl.Samples;Vcl.Shell;System;Xml;Data;Datasnap;Web;Soap;DUnitX.MemoryLeakMonitor;$(DCC_Namespace)</DCC_Namespace>
        <DCC_Optimize>false</DCC_Optimize>
        <VerInfo_Keys>CompanyName=;FileDescription=;FileVersion=1.0.0.0;InternalName=;LegalCopyright=;LegalTrademarks=;OriginalFilename=;ProductName=;ProductVersion=1.0.0.0;Comments=;CFBundleName=</VerInfo_Keys>
        <VerInfo_Locale>1031</VerInfo_Locale>
    </PropertyGroup>
    <PropertyGroup Condition="'$(Base_Win32)'!=''">
        <AppEnableRuntimeThemes>true</AppEnableRuntimeThemes>
        <BT_BuildType>Debug</BT_BuildType>
        <DCC_Namespace>Winapi;System.Win;Data.Win;Datasnap.Win;Web.Win;Soap.Win;Xml.Win;Bde;$(DCC_Namespace)</DCC_Namespace>
        <DCC_UsePackage>rtl;$(DCC_UsePackage)</DCC_UsePackage>
        <Icon_MainIcon>free icon (CC4).ico</Icon_MainIcon>
        <Manifest_File>$(BDS)\bin\default_app.manifest</Manifest_File>
    </PropertyGroup>
    <PropertyGroup Condition="'$(Cfg_1)'!=''">
        <DCC_AssertionsAtRuntime>false</DCC_AssertionsAtRuntime>
        <DCC_Define>RELEASE;$(DCC_Define)</DCC_Define>
        <DCC_Optimize>true</DCC_Optimize>
    </PropertyGroup>
    <PropertyGroup Condition="'$(Cfg_1_Win32)'!=''">
        <AppDPIAwarenessMode>PerMonitorV2</AppDPIAwarenessMode>
    </PropertyGroup>
    <PropertyGroup Condition="'$(Cfg_2)'!=''">
        <DCC_Define>DEBUG;$(DCC_Define)</DCC_Define>
        <DCC_IntegerOverflowCheck>true</DCC_IntegerOverflowCheck>
        <DCC_RangeChecking>true</DCC_RangeChecking>
    </PropertyGroup>
    <PropertyGroup Condition="'$(Cfg_2_Win32)'!=''">
        <AppDPIAwarenessMode>PerMonitorV2</AppDPIAwarenessMode>
    </PropertyGroup>
    <ItemGroup>
        <DelphiCompile Include="$(MainSource)">
            <MainSource>MainSource</MainSource>
        </DelphiCompile>
        <DCCReference Include="MainForm.pas">
            <Form>frmMain</Form>
        </DCCReference>
        <DCCReference Include="FormExclude.pas">
            <Form>frmExclude</Form>
        </DCCReference>
        <DCCReference Include="FormColorPicker.pas"/>
        <DCCReference Include="FormResults.pas">
            <Form>frmResults</Form>
        </DCCReference>
        <DCCReference Include="FormOTA.pas">
            <Form>frmOTA</Form>
        </DCCReference>
        <DCCReference Include="FormEditor.pas">
            <Form>frmEditor</Form>
        </DCCReference>
        <DCCReference Include="FormExplorer.pas"/>
        <DCCReference Include="FormOptions.pas">
            <Form>frmOptions</Form>
        </DCCReference>
        <DCCReference Include="..\..\Packages\LightSaber\dutBase.pas"/>
        <DCCReference Include="..\..\Packages\LightSaber\dutCodeUtils.pas"/>
        <DCCReference Include="..\..\Packages\LightSaber\dutUpgradeCode.pas"/>
        <DCCReference Include="..\..\Packages\LightSaber\dutWin64.pas"/>
        <DCCReference Include="..\..\Packages\LightSaber\cmPascal.pas"/>
        <DCCReference Include="..\..\Packages\LightSaber\cmSearchResult.pas"/>
        <DCCReference Include="..\..\Packages\LightSaber\cbAppData.pas"/>
        <DCCReference Include="..\..\Packages\LightSaber\cmUTF8.pas"/>
        <BuildConfiguration Include="Base">
            <Key>Base</Key>
        </BuildConfiguration>
        <BuildConfiguration Include="Release">
            <Key>Cfg_1</Key>
            <CfgParent>Base</CfgParent>
        </BuildConfiguration>
        <BuildConfiguration Include="Debug">
            <Key>Cfg_2</Key>
            <CfgParent>Base</CfgParent>
        </BuildConfiguration>
    </ItemGroup>
    <ProjectExtensions>
        <Borland.Personality>Delphi.Personality.12</Borland.Personality>
        <Borland.ProjectType/>
        <BorlandProject>
            <Delphi.Personality>
                <Source>
                    <Source Name="MainSource">LDU.dpr</Source>
                </Source>
                <Excluded_Packages>
                    <Excluded_Packages Name="$(BDSBIN)\DataExplorerFireDACPlugin280.bpl">FireDAC Data Explorer Integration</Excluded_Packages>
                    <Excluded_Packages Name="$(BDSBIN)\dclBindCompFireDAC280.bpl">LiveBinding Expression Components FireDac</Excluded_Packages>
                    <Excluded_Packages Name="$(BDSBIN)\dclFMXFireDAC280.bpl">Embarcadero FMX FireDAC Components</Excluded_Packages>
                    <Excluded_Packages Name="$(BDSBIN)\dclFireDAC280.bpl">Embarcadero FireDAC Components</Excluded_Packages>
                    <Excluded_Packages Name="$(BDSBIN)\dclFireDACEnt280.bpl">Embarcadero FireDAC C\S Components</Excluded_Packages>
                    <Excluded_Packages Name="$(BDSBIN)\dclVclFireDAC280.bpl">Embarcadero VCL FireDAC Components</Excluded_Packages>
                    <Excluded_Packages Name="$(BDSBIN)\dcloffice2k280.bpl">Microsoft Office 2000 Sample Automation Server Wrapper Components</Excluded_Packages>
                    <Excluded_Packages Name="$(BDSBIN)\dclofficexp280.bpl">Microsoft Office XP Sample Automation Server Wrapper Components</Excluded_Packages>
                    <Excluded_Packages Name="$(BDSBIN)\dclsoapmidas280.bpl">Embarcadero SOAP Midas Components</Excluded_Packages>
                    <Excluded_Packages Name="C:\Users\Public\Documents\Embarcadero\Studio\22.0\Bpl\CubicProteus280.bpl">File C:\Users\Public\Documents\Embarcadero\Studio\22.0\Bpl\CubicProteus280.bpl not found</Excluded_Packages>
                    <Excluded_Packages Name="C:\Users\Public\Documents\Embarcadero\Studio\22.0\Bpl\LightCommon280.bpl">LightSaber - Common tools</Excluded_Packages>
                    <Excluded_Packages Name="C:\Users\Public\Documents\Embarcadero\Studio\22.0\Bpl\LightCore280.bpl">LightSaber - Core library</Excluded_Packages>
                </Excluded_Packages>
            </Delphi.Personality>
            <Deployment Version="4">
                <DeployFile LocalName="LDU.exe" Configuration="Debug" Class="ProjectOutput">
                    <Platform Name="Win32">
                        <RemoteName>LDU.exe</RemoteName>
                        <Overwrite>true</Overwrite>
                    </Platform>
                </DeployFile>
                <DeployClass Name="AdditionalDebugSymbols">
                    <Platform Name="Win32">
                        <Operation>0</Operation>
                    </Platform>
                </DeployClass>
                <DeployClass Name="DebugSymbols">
                    <Platform Name="Win32">
                        <Operation>0</Operation>
                    </Platform>
                </DeployClass>
                <DeployClass Name="DependencyFramework">
                    <Platform Name="Win32">
                        <Operation>0</Operation>
                    </Platform>
                </DeployClass>
                <DeployClass Name="DependencyModule">
                    <Platform Name="Win32">
                        <Operation>0</Operation>
                        <Extensions>.dll;.bpl</Extensions>
                    </Platform>
                </DeployClass>
                <DeployClass Required="true" Name="DependencyPackage">
                    <Platform Name="Win32">
                        <Operation>0</Operation>
                        <Extensions>.bpl</Extensions>
                    </Platform>
                </DeployClass>
                <DeployClass Name="File">
                    <Platform Name="Win32">
                        <Operation>0</Operation>
                    </Platform>
                </DeployClass>
                <DeployClass Required="true" Name="ProjectOutput">
                    <Platform Name="Win32">
                        <Operation>0</Operation>
                    </Platform>
                </DeployClass>
                <DeployClass Name="ProjectUWPManifest">
                    <Platform Name="Win32">
                        <Operation>1</Operation>
                    </Platform>
                </DeployClass>
                <DeployClass Name="UWP_DelphiLogo150">
                    <Platform Name="Win32">
                        <RemoteDir>Assets</RemoteDir>
                        <Operation>1</Operation>
                    </Platform>
                </DeployClass>
                <DeployClass Name="UWP_DelphiLogo44">
                    <Platform Name="Win32">
                        <RemoteDir>Assets</RemoteDir>
                        <Operation>1</Operation>
                    </Platform>
                </DeployClass>
                <ProjectRoot Platform="Win32" Name="$(PROJECTNAME)"/>
            </Deployment>
            <Platforms>
                <Platform value="Android">False</Platform>
                <Platform value="Android64">False</Platform>
                <Platform value="Linux64">False</Platform>
                <Platform value="OSX64">False</Platform>
                <Platform value="OSXARM64">False</Platform>
                <Platform value="Win32">True</Platform>
                <Platform value="Win64">False</Platform>
                <Platform value="iOSDevice64">False</Platform>
                <Platform value="iOSSimARM64">False</Platform>
            </Platforms>
        </BorlandProject>
        <ProjectFileVersion>12</ProjectFileVersion>
    </ProjectExtensions>
    <Import Project="$(BDS)\Bin\CodeGear.Delphi.Targets" Condition="Exists('$(BDS)\Bin\CodeGear.Delphi.Targets')"/>
    <Import Project="$(APPDATA)\Embarcadero\$(BDSAPPDATABASEDIR)\$(PRODUCTVERSION)\UserTools.proj" Condition="Exists('$(APPDATA)\Embarcadero\$(BDSAPPDATABASEDIR)\$(PRODUCTVERSION)\UserTools.proj')"/>
    <Import Project="$(MSBuildProjectName).deployproj" Condition="Exists('$(MSBuildProjectName).deployproj')"/>
</Project>
